
Microsoft Visual Studio Solution File, Format Version 12.00
# Visual Studio Version 16
VisualStudioVersion = 16.0.32228.343
MinimumVisualStudioVersion = 10.0.40219.1
Project("{9A19103F-16F7-4668-BE54-9A1E7A4F7556}") = "InventoryManagement", "InventoryManagement.csproj", "{AC0C5EEA-D050-43DA-843B-5B843AF7688E}"
EndProject
Project("{FAE04EC0-301F-11D3-BF4B-00C04F79EFBC}") = "MyRDLCReport", "C:\Users\HHC\source\repos\MyRDLCReport\MyRDLCReport.csproj", "{F99BE726-7ED1-4765-A20C-81F3B9B244AD}"
EndProject
Global
	GlobalSection(SolutionConfigurationPlatforms) = preSolution
		Debug|Any CPU = Debug|Any CPU
		Release|Any CPU = Release|Any CPU
	EndGlobalSection
	GlobalSection(ProjectConfigurationPlatforms) = postSolution
		{AC0C5EEA-D050-43DA-843B-5B843AF7688E}.Debug|Any CPU.ActiveCfg = Debug|Any CPU
		{AC0C5EEA-D050-43DA-843B-5B843AF7688E}.Debug|Any CPU.Build.0 = Debug|Any CPU
		{AC0C5EEA-D050-43DA-843B-5B843AF7688E}.Release|Any CPU.ActiveCfg = Release|Any CPU
		{AC0C5EEA-D050-43DA-843B-5B843AF7688E}.Release|Any CPU.Build.0 = Release|Any CPU
		{F99BE726-7ED1-4765-A20C-81F3B9B244AD}.Debug|Any CPU.ActiveCfg = Debug|Any CPU
		{F99BE726-7ED1-4765-A20C-81F3B9B244AD}.Debug|Any CPU.Build.0 = Debug|Any CPU
		{F99BE726-7ED1-4765-A20C-81F3B9B244AD}.Release|Any CPU.ActiveCfg = Release|Any CPU
		{F99BE726-7ED1-4765-A20C-81F3B9B244AD}.Release|Any CPU.Build.0 = Release|Any CPU
	EndGlobalSection
	GlobalSection(SolutionProperties) = preSolution
		HideSolutionNode = FALSE
	EndGlobalSection
	GlobalSection(ExtensibilityGlobals) = postSolution
		SolutionGuid = {D88185E6-3F09-46A5-AE89-DA556B511A5C}
	EndGlobalSection
EndGlobal
